
Microsoft Visual Studio Solution File, Format Version 12.00
Project("{2150E333-8FDC-42A3-9474-1A3956D46DE8}") = "lab1", "lab1", "{403CF037-D2C5-4BB1-A6BD-4CFD8DB7D179}"
EndProject
Project("{FAE04EC0-301F-11D3-BF4B-00C04F79EFBC}") = "RPVRS.Labs.Lab1.API", "RPVRS.Labs.Lab1.API\RPVRS.Labs.Lab1.API.csproj", "{E27C5022-9F38-45CF-A78D-96DED4704DC8}"
EndProject
Global
	GlobalSection(SolutionConfigurationPlatforms) = preSolution
		Debug|Any CPU = Debug|Any CPU
		Release|Any CPU = Release|Any CPU
	EndGlobalSection
	GlobalSection(NestedProjects) = preSolution
		{E27C5022-9F38-45CF-A78D-96DED4704DC8} = {403CF037-D2C5-4BB1-A6BD-4CFD8DB7D179}
	EndGlobalSection
	GlobalSection(ProjectConfigurationPlatforms) = postSolution
		{E27C5022-9F38-45CF-A78D-96DED4704DC8}.Debug|Any CPU.ActiveCfg = Debug|Any CPU
		{E27C5022-9F38-45CF-A78D-96DED4704DC8}.Debug|Any CPU.Build.0 = Debug|Any CPU
		{E27C5022-9F38-45CF-A78D-96DED4704DC8}.Release|Any CPU.ActiveCfg = Release|Any CPU
		{E27C5022-9F38-45CF-A78D-96DED4704DC8}.Release|Any CPU.Build.0 = Release|Any CPU
	EndGlobalSection
EndGlobal
