
Microsoft Visual Studio Solution File, Format Version 12.00
Project("{2150E333-8FDC-42A3-9474-1A3956D46DE8}") = "lab1", "lab1", "{403CF037-D2C5-4BB1-A6BD-4CFD8DB7D179}"
EndProject
Project("{FAE04EC0-301F-11D3-BF4B-00C04F79EFBC}") = "RPVRS.Labs.Lab1.API", "RPVRS.Labs.Lab1.API\RPVRS.Labs.Lab1.API.csproj", "{E27C5022-9F38-45CF-A78D-96DED4704DC8}"
EndProject
Project("{FAE04EC0-301F-11D3-BF4B-00C04F79EFBC}") = "RPVRS.Labs.Lab2", "RPVRS.Labs.Lab2\RPVRS.Labs.Lab2.csproj", "{EF44AFD1-24B8-4958-8B36-57BF87E1DC36}"
EndProject
Project("{FAE04EC0-301F-11D3-BF4B-00C04F79EFBC}") = "RPVRS.Labs.CacheDb", "RPVRS.Labs.CacheDb\RPVRS.Labs.CacheDb.csproj", "{20002245-5E94-4B70-AA25-3EFCBEA2CB70}"
EndProject
Project("{FAE04EC0-301F-11D3-BF4B-00C04F79EFBC}") = "RPVRS.Labs.Models", "RPVRS.Labs.Models\RPVRS.Labs.Models.csproj", "{8C1D112A-3A1C-4167-8F95-73C323EE1534}"
EndProject
Project("{2150E333-8FDC-42A3-9474-1A3956D46DE8}") = "lab2", "lab2", "{7AD8C388-464A-4916-9687-7EEBE18823B9}"
EndProject
Global
	GlobalSection(SolutionConfigurationPlatforms) = preSolution
		Debug|Any CPU = Debug|Any CPU
		Release|Any CPU = Release|Any CPU
	EndGlobalSection
	GlobalSection(NestedProjects) = preSolution
		{E27C5022-9F38-45CF-A78D-96DED4704DC8} = {403CF037-D2C5-4BB1-A6BD-4CFD8DB7D179}
		{EF44AFD1-24B8-4958-8B36-57BF87E1DC36} = {7AD8C388-464A-4916-9687-7EEBE18823B9}
	EndGlobalSection
	GlobalSection(ProjectConfigurationPlatforms) = postSolution
		{E27C5022-9F38-45CF-A78D-96DED4704DC8}.Debug|Any CPU.ActiveCfg = Debug|Any CPU
		{E27C5022-9F38-45CF-A78D-96DED4704DC8}.Debug|Any CPU.Build.0 = Debug|Any CPU
		{E27C5022-9F38-45CF-A78D-96DED4704DC8}.Release|Any CPU.ActiveCfg = Release|Any CPU
		{E27C5022-9F38-45CF-A78D-96DED4704DC8}.Release|Any CPU.Build.0 = Release|Any CPU
		{EF44AFD1-24B8-4958-8B36-57BF87E1DC36}.Debug|Any CPU.ActiveCfg = Debug|Any CPU
		{EF44AFD1-24B8-4958-8B36-57BF87E1DC36}.Debug|Any CPU.Build.0 = Debug|Any CPU
		{EF44AFD1-24B8-4958-8B36-57BF87E1DC36}.Release|Any CPU.ActiveCfg = Release|Any CPU
		{EF44AFD1-24B8-4958-8B36-57BF87E1DC36}.Release|Any CPU.Build.0 = Release|Any CPU
		{20002245-5E94-4B70-AA25-3EFCBEA2CB70}.Debug|Any CPU.ActiveCfg = Debug|Any CPU
		{20002245-5E94-4B70-AA25-3EFCBEA2CB70}.Debug|Any CPU.Build.0 = Debug|Any CPU
		{20002245-5E94-4B70-AA25-3EFCBEA2CB70}.Release|Any CPU.ActiveCfg = Release|Any CPU
		{20002245-5E94-4B70-AA25-3EFCBEA2CB70}.Release|Any CPU.Build.0 = Release|Any CPU
		{8C1D112A-3A1C-4167-8F95-73C323EE1534}.Debug|Any CPU.ActiveCfg = Debug|Any CPU
		{8C1D112A-3A1C-4167-8F95-73C323EE1534}.Debug|Any CPU.Build.0 = Debug|Any CPU
		{8C1D112A-3A1C-4167-8F95-73C323EE1534}.Release|Any CPU.ActiveCfg = Release|Any CPU
		{8C1D112A-3A1C-4167-8F95-73C323EE1534}.Release|Any CPU.Build.0 = Release|Any CPU
	EndGlobalSection
EndGlobal
